
Microsoft Visual Studio Solution File, Format Version 12.00
# Visual Studio 15
VisualStudioVersion = 15.0.27004.2002
MinimumVisualStudioVersion = 10.0.40219.1
Project("{CC5FD16D-436D-48AD-A40C-5A424C6E3E79}") = "SignalRPerf", "SignalRPerf.ccproj", "{D6B9CA2F-9A65-460D-B269-2F80619FE8D5}"
EndProject
Project("{FAE04EC0-301F-11D3-BF4B-00C04F79EFBC}") = "SignalR.Web", "SignalR.Web\SignalR.Web.csproj", "{2D23D4F6-72A2-4072-A98B-59D6A64D1D93}"
EndProject
Project("{FAE04EC0-301F-11D3-BF4B-00C04F79EFBC}") = "SignalR.SelfHost", "..\SignalR.SelfHost\SignalR.SelfHost.csproj", "{4068E038-8A95-4AF1-A344-11EBDF4B42BB}"
EndProject
Global
	GlobalSection(SolutionConfigurationPlatforms) = preSolution
		Debug|Any CPU = Debug|Any CPU
		Release|Any CPU = Release|Any CPU
	EndGlobalSection
	GlobalSection(ProjectConfigurationPlatforms) = postSolution
		{D6B9CA2F-9A65-460D-B269-2F80619FE8D5}.Debug|Any CPU.ActiveCfg = Debug|Any CPU
		{D6B9CA2F-9A65-460D-B269-2F80619FE8D5}.Debug|Any CPU.Build.0 = Debug|Any CPU
		{D6B9CA2F-9A65-460D-B269-2F80619FE8D5}.Release|Any CPU.ActiveCfg = Release|Any CPU
		{D6B9CA2F-9A65-460D-B269-2F80619FE8D5}.Release|Any CPU.Build.0 = Release|Any CPU
		{2D23D4F6-72A2-4072-A98B-59D6A64D1D93}.Debug|Any CPU.ActiveCfg = Debug|Any CPU
		{2D23D4F6-72A2-4072-A98B-59D6A64D1D93}.Debug|Any CPU.Build.0 = Debug|Any CPU
		{2D23D4F6-72A2-4072-A98B-59D6A64D1D93}.Release|Any CPU.ActiveCfg = Release|Any CPU
		{2D23D4F6-72A2-4072-A98B-59D6A64D1D93}.Release|Any CPU.Build.0 = Release|Any CPU
		{4068E038-8A95-4AF1-A344-11EBDF4B42BB}.Debug|Any CPU.ActiveCfg = Debug|Any CPU
		{4068E038-8A95-4AF1-A344-11EBDF4B42BB}.Debug|Any CPU.Build.0 = Debug|Any CPU
		{4068E038-8A95-4AF1-A344-11EBDF4B42BB}.Release|Any CPU.ActiveCfg = Release|Any CPU
		{4068E038-8A95-4AF1-A344-11EBDF4B42BB}.Release|Any CPU.Build.0 = Release|Any CPU
	EndGlobalSection
	GlobalSection(SolutionProperties) = preSolution
		HideSolutionNode = FALSE
	EndGlobalSection
	GlobalSection(ExtensibilityGlobals) = postSolution
		SolutionGuid = {907E43F8-0322-4957-AF4E-FC06BE1E196A}
	EndGlobalSection
EndGlobal
